// !$*UTF8*$!
{
	archiveVersion = 1;
	classes = {
	};
	objectVersion = 46;
	objects = {

/* Begin PBXBuildFile section */
		5D6778C0B49B4137BD4096BF /* Pods_iOS_Sample.framework in Frameworks */ = {isa = PBXBuildFile; fileRef = 250D32115DCFC6FFAB09E7B8 /* Pods_iOS_Sample.framework */; };
		A4A54EF71E1266D200A82D36 /* AppDelegate.swift in Sources */ = {isa = PBXBuildFile; fileRef = A4A54EF61E1266D200A82D36 /* AppDelegate.swift */; };
		A4A54EF91E1266D200A82D36 /* ViewController.swift in Sources */ = {isa = PBXBuildFile; fileRef = A4A54EF81E1266D200A82D36 /* ViewController.swift */; };
		A4A54EFC1E1266D200A82D36 /* Main.storyboard in Resources */ = {isa = PBXBuildFile; fileRef = A4A54EFA1E1266D200A82D36 /* Main.storyboard */; };
		A4A54EFE1E1266D200A82D36 /* Assets.xcassets in Resources */ = {isa = PBXBuildFile; fileRef = A4A54EFD1E1266D200A82D36 /* Assets.xcassets */; };
		A4A54F011E1266D200A82D36 /* LaunchScreen.storyboard in Resources */ = {isa = PBXBuildFile; fileRef = A4A54EFF1E1266D200A82D36 /* LaunchScreen.storyboard */; };
/* End PBXBuildFile section */

/* Begin PBXFileReference section */
		250D32115DCFC6FFAB09E7B8 /* Pods_iOS_Sample.framework */ = {isa = PBXFileReference; explicitFileType = wrapper.framework; includeInIndex = 0; path = Pods_iOS_Sample.framework; sourceTree = BUILT_PRODUCTS_DIR; };
		A4A54EF31E1266D200A82D36 /* iOS Sample.app */ = {isa = PBXFileReference; explicitFileType = wrapper.application; includeInIndex = 0; path = "iOS Sample.app"; sourceTree = BUILT_PRODUCTS_DIR; };
		A4A54EF61E1266D200A82D36 /* AppDelegate.swift */ = {isa = PBXFileReference; lastKnownFileType = sourcecode.swift; path = AppDelegate.swift; sourceTree = "<group>"; };
		A4A54EF81E1266D200A82D36 /* ViewController.swift */ = {isa = PBXFileReference; lastKnownFileType = sourcecode.swift; path = ViewController.swift; sourceTree = "<group>"; };
		A4A54EFB1E1266D200A82D36 /* Base */ = {isa = PBXFileReference; lastKnownFileType = file.storyboard; name = Base; path = Base.lproj/Main.storyboard; sourceTree = "<group>"; };
		A4A54EFD1E1266D200A82D36 /* Assets.xcassets */ = {isa = PBXFileReference; lastKnownFileType = folder.assetcatalog; path = Assets.xcassets; sourceTree = "<group>"; };
		A4A54F001E1266D200A82D36 /* Base */ = {isa = PBXFileReference; lastKnownFileType = file.storyboard; name = Base; path = Base.lproj/LaunchScreen.storyboard; sourceTree = "<group>"; };
		A4A54F021E1266D200A82D36 /* Info.plist */ = {isa = PBXFileReference; lastKnownFileType = text.plist.xml; path = Info.plist; sourceTree = "<group>"; };
		C1BA8F1D98EF9673D72F97AB /* Pods-iOS Sample.debug.xcconfig */ = {isa = PBXFileReference; includeInIndex = 1; lastKnownFileType = text.xcconfig; name = "Pods-iOS Sample.debug.xcconfig"; path = "../../Pods/Target Support Files/Pods-iOS Sample/Pods-iOS Sample.debug.xcconfig"; sourceTree = "<group>"; };
		FCB1532C131AF923692CBB8A /* Pods-iOS Sample.release.xcconfig */ = {isa = PBXFileReference; includeInIndex = 1; lastKnownFileType = text.xcconfig; name = "Pods-iOS Sample.release.xcconfig"; path = "../../Pods/Target Support Files/Pods-iOS Sample/Pods-iOS Sample.release.xcconfig"; sourceTree = "<group>"; };
/* End PBXFileReference section */

/* Begin PBXFrameworksBuildPhase section */
		A4A54EF01E1266D200A82D36 /* Frameworks */ = {
			isa = PBXFrameworksBuildPhase;
			buildActionMask = 2147483647;
			files = (
				5D6778C0B49B4137BD4096BF /* Pods_iOS_Sample.framework in Frameworks */,
			);
			runOnlyForDeploymentPostprocessing = 0;
		};
/* End PBXFrameworksBuildPhase section */

/* Begin PBXGroup section */
		3D968C2125FE7B31C6E4F2CA /* Frameworks */ = {
			isa = PBXGroup;
			children = (
				250D32115DCFC6FFAB09E7B8 /* Pods_iOS_Sample.framework */,
			);
			name = Frameworks;
			sourceTree = "<group>";
		};
		A4A54EEA1E1266D200A82D36 = {
			isa = PBXGroup;
			children = (
				A4A54EF51E1266D200A82D36 /* iOS Sample */,
				A4A54EF41E1266D200A82D36 /* Products */,
				F392142326D5F0C3B724F7F6 /* Pods */,
				3D968C2125FE7B31C6E4F2CA /* Frameworks */,
			);
			sourceTree = "<group>";
		};
		A4A54EF41E1266D200A82D36 /* Products */ = {
			isa = PBXGroup;
			children = (
				A4A54EF31E1266D200A82D36 /* iOS Sample.app */,
			);
			name = Products;
			sourceTree = "<group>";
		};
		A4A54EF51E1266D200A82D36 /* iOS Sample */ = {
			isa = PBXGroup;
			children = (
				A4A54EF61E1266D200A82D36 /* AppDelegate.swift */,
				A4A54EF81E1266D200A82D36 /* ViewController.swift */,
				A4A54EFA1E1266D200A82D36 /* Main.storyboard */,
				A4A54EFD1E1266D200A82D36 /* Assets.xcassets */,
				A4A54EFF1E1266D200A82D36 /* LaunchScreen.storyboard */,
				A4A54F021E1266D200A82D36 /* Info.plist */,
			);
			path = "iOS Sample";
			sourceTree = "<group>";
		};
		F392142326D5F0C3B724F7F6 /* Pods */ = {
			isa = PBXGroup;
			children = (
				C1BA8F1D98EF9673D72F97AB /* Pods-iOS Sample.debug.xcconfig */,
				FCB1532C131AF923692CBB8A /* Pods-iOS Sample.release.xcconfig */,
			);
			name = Pods;
			sourceTree = "<group>";
		};
/* End PBXGroup section */

/* Begin PBXNativeTarget section */
		A4A54EF21E1266D200A82D36 /* iOS Sample */ = {
			isa = PBXNativeTarget;
			buildConfigurationList = A4A54F051E1266D200A82D36 /* Build configuration list for PBXNativeTarget "iOS Sample" */;
			buildPhases = (
				141707B8C84B639CE9A4C0C8 /* [CP] Check Pods Manifest.lock */,
				A4A54EEF1E1266D200A82D36 /* Sources */,
				A4A54EF01E1266D200A82D36 /* Frameworks */,
				A4A54EF11E1266D200A82D36 /* Resources */,
				9E67DD10B3F1EA5B4ADE4EA0 /* [CP] Embed Pods Frameworks */,
				D575084A2EDC0B77424312D2 /* [CP] Copy Pods Resources */,
			);
			buildRules = (
			);
			dependencies = (
			);
			name = "iOS Sample";
			productName = "iOS Sample";
			productReference = A4A54EF31E1266D200A82D36 /* iOS Sample.app */;
			productType = "com.apple.product-type.application";
		};
/* End PBXNativeTarget section */

/* Begin PBXProject section */
		A4A54EEB1E1266D200A82D36 /* Project object */ = {
			isa = PBXProject;
			attributes = {
				LastSwiftUpdateCheck = 0820;
				LastUpgradeCheck = 0900;
				ORGANIZATIONNAME = "Abdullah Selek";
				TargetAttributes = {
					A4A54EF21E1266D200A82D36 = {
						CreatedOnToolsVersion = 8.2;
						ProvisioningStyle = Automatic;
					};
				};
			};
			buildConfigurationList = A4A54EEE1E1266D200A82D36 /* Build configuration list for PBXProject "iOS Sample" */;
			compatibilityVersion = "Xcode 3.2";
			developmentRegion = English;
			hasScannedForEncodings = 0;
			knownRegions = (
				en,
				Base,
			);
			mainGroup = A4A54EEA1E1266D200A82D36;
			productRefGroup = A4A54EF41E1266D200A82D36 /* Products */;
			projectDirPath = "";
			projectRoot = "";
			targets = (
				A4A54EF21E1266D200A82D36 /* iOS Sample */,
			);
		};
/* End PBXProject section */

/* Begin PBXResourcesBuildPhase section */
		A4A54EF11E1266D200A82D36 /* Resources */ = {
			isa = PBXResourcesBuildPhase;
			buildActionMask = 2147483647;
			files = (
				A4A54F011E1266D200A82D36 /* LaunchScreen.storyboard in Resources */,
				A4A54EFE1E1266D200A82D36 /* Assets.xcassets in Resources */,
				A4A54EFC1E1266D200A82D36 /* Main.storyboard in Resources */,
			);
			runOnlyForDeploymentPostprocessing = 0;
		};
/* End PBXResourcesBuildPhase section */

/* Begin PBXShellScriptBuildPhase section */
		141707B8C84B639CE9A4C0C8 /* [CP] Check Pods Manifest.lock */ = {
			isa = PBXShellScriptBuildPhase;
			buildActionMask = 2147483647;
			files = (
			);
			inputPaths = (
			);
			name = "[CP] Check Pods Manifest.lock";
			outputPaths = (
			);
			runOnlyForDeploymentPostprocessing = 0;
			shellPath = /bin/sh;
			shellScript = "diff \"${PODS_ROOT}/../Podfile.lock\" \"${PODS_ROOT}/Manifest.lock\" > /dev/null\nif [ $? != 0 ] ; then\n    # print error to STDERR\n    echo \"error: The sandbox is not in sync with the Podfile.lock. Run 'pod install' or update your CocoaPods installation.\" >&2\n    exit 1\nfi\n";
			showEnvVarsInLog = 0;
		};
		9E67DD10B3F1EA5B4ADE4EA0 /* [CP] Embed Pods Frameworks */ = {
			isa = PBXShellScriptBuildPhase;
			buildActionMask = 2147483647;
			files = (
			);
			inputPaths = (
			);
			name = "[CP] Embed Pods Frameworks";
			outputPaths = (
			);
			runOnlyForDeploymentPostprocessing = 0;
			shellPath = /bin/sh;
			shellScript = "\"${SRCROOT}/../../Pods/Target Support Files/Pods-iOS Sample/Pods-iOS Sample-frameworks.sh\"\n";
			showEnvVarsInLog = 0;
		};
		D575084A2EDC0B77424312D2 /* [CP] Copy Pods Resources */ = {
			isa = PBXShellScriptBuildPhase;
			buildActionMask = 2147483647;
			files = (
			);
			inputPaths = (
			);
			name = "[CP] Copy Pods Resources";
			outputPaths = (
			);
			runOnlyForDeploymentPostprocessing = 0;
			shellPath = /bin/sh;
			shellScript = "\"${SRCROOT}/../../Pods/Target Support Files/Pods-iOS Sample/Pods-iOS Sample-resources.sh\"\n";
			showEnvVarsInLog = 0;
		};
/* End PBXShellScriptBuildPhase section */

/* Begin PBXSourcesBuildPhase section */
		A4A54EEF1E1266D200A82D36 /* Sources */ = {
			isa = PBXSourcesBuildPhase;
			buildActionMask = 2147483647;
			files = (
				A4A54EF91E1266D200A82D36 /* ViewController.swift in Sources */,
				A4A54EF71E1266D200A82D36 /* AppDelegate.swift in Sources */,
			);
			runOnlyForDeploymentPostprocessing = 0;
		};
/* End PBXSourcesBuildPhase section */

/* Begin PBXVariantGroup section */
		A4A54EFA1E1266D200A82D36 /* Main.storyboard */ = {
			isa = PBXVariantGroup;
			children = (
				A4A54EFB1E1266D200A82D36 /* Base */,
			);
			name = Main.storyboard;
			sourceTree = "<group>";
		};
		A4A54EFF1E1266D200A82D36 /* LaunchScreen.storyboard */ = {
			isa = PBXVariantGroup;
			children = (
				A4A54F001E1266D200A82D36 /* Base */,
			);
			name = LaunchScreen.storyboard;
			sourceTree = "<group>";
		};
/* End PBXVariantGroup section */

/* Begin XCBuildConfiguration section */
		A4A54F031E1266D200A82D36 /* Debug */ = {
			isa = XCBuildConfiguration;
			buildSettings = {
				ALWAYS_SEARCH_USER_PATHS = NO;
				CLANG_ANALYZER_NONNULL = YES;
				CLANG_CXX_LANGUAGE_STANDARD = "gnu++0x";
				CLANG_CXX_LIBRARY = "libc++";
				CLANG_ENABLE_MODULES = YES;
				CLANG_ENABLE_OBJC_ARC = YES;
				CLANG_WARN_BLOCK_CAPTURE_AUTORELEASING = YES;
				CLANG_WARN_BOOL_CONVERSION = YES;
				CLANG_WARN_COMMA = YES;
				CLANG_WARN_CONSTANT_CONVERSION = YES;
				CLANG_WARN_DIRECT_OBJC_ISA_USAGE = YES_ERROR;
				CLANG_WARN_DOCUMENTATION_COMMENTS = YES;
				CLANG_WARN_EMPTY_BODY = YES;
				CLANG_WARN_ENUM_CONVERSION = YES;
				CLANG_WARN_INFINITE_RECURSION = YES;
				CLANG_WARN_INT_CONVERSION = YES;
				CLANG_WARN_NON_LITERAL_NULL_CONVERSION = YES;
				CLANG_WARN_OBJC_LITERAL_CONVERSION = YES;
				CLANG_WARN_OBJC_ROOT_CLASS = YES_ERROR;
				CLANG_WARN_RANGE_LOOP_ANALYSIS = YES;
				CLANG_WARN_STRICT_PROTOTYPES = YES;
				CLANG_WARN_SUSPICIOUS_MOVE = YES;
				CLANG_WARN_UNREACHABLE_CODE = YES;
				CLANG_WARN__DUPLICATE_METHOD_MATCH = YES;
				"CODE_SIGN_IDENTITY[sdk=iphoneos*]" = "iPhone Developer";
				COPY_PHASE_STRIP = NO;
				DEBUG_INFORMATION_FORMAT = dwarf;
				ENABLE_STRICT_OBJC_MSGSEND = YES;
				ENABLE_TESTABILITY = YES;
				GCC_C_LANGUAGE_STANDARD = gnu99;
				GCC_DYNAMIC_NO_PIC = NO;
				GCC_NO_COMMON_BLOCKS = YES;
				GCC_OPTIMIZATION_LEVEL = 0;
				GCC_PREPROCESSOR_DEFINITIONS = (
					"DEBUG=1",
					"$(inherited)",
				);
				GCC_WARN_64_TO_32_BIT_CONVERSION = YES;
				GCC_WARN_ABOUT_RETURN_TYPE = YES_ERROR;
				GCC_WARN_UNDECLARED_SELECTOR = YES;
				GCC_WARN_UNINITIALIZED_AUTOS = YES_AGGRESSIVE;
				GCC_WARN_UNUSED_FUNCTION = YES;
				GCC_WARN_UNUSED_VARIABLE = YES;
				IPHONEOS_DEPLOYMENT_TARGET = 9.0;
				MTL_ENABLE_DEBUG_INFO = YES;
				ONLY_ACTIVE_ARCH = YES;
				SDKROOT = iphoneos;
				SWIFT_ACTIVE_COMPILATION_CONDITIONS = DEBUG;
				SWIFT_OPTIMIZATION_LEVEL = "-Onone";
				TARGETED_DEVICE_FAMILY = "1,2";
			};
			name = Debug;
		};
		A4A54F041E1266D200A82D36 /* Release */ = {
			isa = XCBuildConfiguration;
			buildSettings = {
				ALWAYS_SEARCH_USER_PATHS = NO;
				CLANG_ANALYZER_NONNULL = YES;
				CLANG_CXX_LANGUAGE_STANDARD = "gnu++0x";
				CLANG_CXX_LIBRARY = "libc++";
				CLANG_ENABLE_MODULES = YES;
				CLANG_ENABLE_OBJC_ARC = YES;
				CLANG_WARN_BLOCK_CAPTURE_AUTORELEASING = YES;
				CLANG_WARN_BOOL_CONVERSION = YES;
				CLANG_WARN_COMMA = YES;
				CLANG_WARN_CONSTANT_CONVERSION = YES;
				CLANG_WARN_DIRECT_OBJC_ISA_USAGE = YES_ERROR;
				CLANG_WARN_DOCUMENTATION_COMMENTS = YES;
				CLANG_WARN_EMPTY_BODY = YES;
				CLANG_WARN_ENUM_CONVERSION = YES;
				CLANG_WARN_INFINITE_RECURSION = YES;
				CLANG_WARN_INT_CONVERSION = YES;
				CLANG_WARN_NON_LITERAL_NULL_CONVERSION = YES;
				CLANG_WARN_OBJC_LITERAL_CONVERSION = YES;
				CLANG_WARN_OBJC_ROOT_CLASS = YES_ERROR;
				CLANG_WARN_RANGE_LOOP_ANALYSIS = YES;
				CLANG_WARN_STRICT_PROTOTYPES = YES;
				CLANG_WARN_SUSPICIOUS_MOVE = YES;
				CLANG_WARN_UNREACHABLE_CODE = YES;
				CLANG_WARN__DUPLICATE_METHOD_MATCH = YES;
				"CODE_SIGN_IDENTITY[sdk=iphoneos*]" = "iPhone Developer";
				COPY_PHASE_STRIP = NO;
				DEBUG_INFORMATION_FORMAT = "dwarf-with-dsym";
				ENABLE_NS_ASSERTIONS = NO;
				ENABLE_STRICT_OBJC_MSGSEND = YES;
				GCC_C_LANGUAGE_STANDARD = gnu99;
				GCC_NO_COMMON_BLOCKS = YES;
				GCC_WARN_64_TO_32_BIT_CONVERSION = YES;
				GCC_WARN_ABOUT_RETURN_TYPE = YES_ERROR;
				GCC_WARN_UNDECLARED_SELECTOR = YES;
				GCC_WARN_UNINITIALIZED_AUTOS = YES_AGGRESSIVE;
				GCC_WARN_UNUSED_FUNCTION = YES;
				GCC_WARN_UNUSED_VARIABLE = YES;
				IPHONEOS_DEPLOYMENT_TARGET = 9.0;
				MTL_ENABLE_DEBUG_INFO = NO;
				SDKROOT = iphoneos;
				SWIFT_OPTIMIZATION_LEVEL = "-Owholemodule";
				TARGETED_DEVICE_FAMILY = "1,2";
				VALIDATE_PRODUCT = YES;
			};
			name = Release;
		};
		A4A54F061E1266D200A82D36 /* Debug */ = {
			isa = XCBuildConfiguration;
			baseConfigurationReference = C1BA8F1D98EF9673D72F97AB /* Pods-iOS Sample.debug.xcconfig */;
			buildSettings = {
				ALWAYS_EMBED_SWIFT_STANDARD_LIBRARIES = YES;
				ASSETCATALOG_COMPILER_APPICON_NAME = AppIcon;
				INFOPLIST_FILE = "iOS Sample/Info.plist";
				LD_RUNPATH_SEARCH_PATHS = "$(inherited) @executable_path/Frameworks";
				PRODUCT_BUNDLE_IDENTIFIER = "com.abdullahselek.iOS-Sample";
				PRODUCT_NAME = "$(TARGET_NAME)";
				SWIFT_VERSION = 3.0;
			};
			name = Debug;
		};
		A4A54F071E1266D200A82D36 /* Release */ = {
			isa = XCBuildConfiguration;
			baseConfigurationReference = FCB1532C131AF923692CBB8A /* Pods-iOS Sample.release.xcconfig */;
			buildSettings = {
				ALWAYS_EMBED_SWIFT_STANDARD_LIBRARIES = YES;
				ASSETCATALOG_COMPILER_APPICON_NAME = AppIcon;
				INFOPLIST_FILE = "iOS Sample/Info.plist";
				LD_RUNPATH_SEARCH_PATHS = "$(inherited) @executable_path/Frameworks";
				PRODUCT_BUNDLE_IDENTIFIER = "com.abdullahselek.iOS-Sample";
				PRODUCT_NAME = "$(TARGET_NAME)";
				SWIFT_VERSION = 3.0;
			};
			name = Release;
		};
/* End XCBuildConfiguration section */

/* Begin XCConfigurationList section */
		A4A54EEE1E1266D200A82D36 /* Build configuration list for PBXProject "iOS Sample" */ = {
			isa = XCConfigurationList;
			buildConfigurations = (
				A4A54F031E1266D200A82D36 /* Debug */,
				A4A54F041E1266D200A82D36 /* Release */,
			);
			defaultConfigurationIsVisible = 0;
			defaultConfigurationName = Release;
		};
		A4A54F051E1266D200A82D36 /* Build configuration list for PBXNativeTarget "iOS Sample" */ = {
			isa = XCConfigurationList;
			buildConfigurations = (
				A4A54F061E1266D200A82D36 /* Debug */,
				A4A54F071E1266D200A82D36 /* Release */,
			);
			defaultConfigurationIsVisible = 0;
			defaultConfigurationName = Release;
		};
/* End XCConfigurationList section */
	};
	rootObject = A4A54EEB1E1266D200A82D36 /* Project object */;
}
